
Microsoft Visual Studio Solution File, Format Version 12.00
# Visual Studio Version 17
VisualStudioVersion = 17.8.34601.278
MinimumVisualStudioVersion = 10.0.40219.1
Project("{FAE04EC0-301F-11D3-BF4B-00C04F79EFBC}") = "ConsoleApp23", "ConsoleApp23\ConsoleApp23.csproj", "{F23E0173-F2B9-4D5B-BA04-1A11F0DB67DF}"
EndProject
Global
	GlobalSection(SolutionConfigurationPlatforms) = preSolution
		Debug|Any CPU = Debug|Any CPU
		Release|Any CPU = Release|Any CPU
	EndGlobalSection
	GlobalSection(ProjectConfigurationPlatforms) = postSolution
		{F23E0173-F2B9-4D5B-BA04-1A11F0DB67DF}.Debug|Any CPU.ActiveCfg = Debug|Any CPU
		{F23E0173-F2B9-4D5B-BA04-1A11F0DB67DF}.Debug|Any CPU.Build.0 = Debug|Any CPU
		{F23E0173-F2B9-4D5B-BA04-1A11F0DB67DF}.Release|Any CPU.ActiveCfg = Release|Any CPU
		{F23E0173-F2B9-4D5B-BA04-1A11F0DB67DF}.Release|Any CPU.Build.0 = Release|Any CPU
	EndGlobalSection
	GlobalSection(SolutionProperties) = preSolution
		HideSolutionNode = FALSE
	EndGlobalSection
	GlobalSection(ExtensibilityGlobals) = postSolution
		SolutionGuid = {53EE76D5-E541-43AE-ADF2-47562999B399}
	EndGlobalSection
EndGlobal
